Microsoft Visual Studio Solution File, Format Version 12.00
# Visual Studio Version 17
VisualStudioVersion = 17.5.2.0
MinimumVisualStudioVersion = 10.0.40219.1
Project("{FAE04EC0-301F-11D3-BF4B-00C04F79EFBC}") = "BioTravel", "BioTravel.csproj", "{AFEBC0AD-5255-E638-8A81-A0BD58BC2853}"
EndProject
Global
	GlobalSection(SolutionConfigurationPlatforms) = preSolution
		Debug|Any CPU = Debug|Any CPU
		Release|Any CPU = Release|Any CPU
	EndGlobalSection
	GlobalSection(ProjectConfigurationPlatforms) = postSolution
		{AFEBC0AD-5255-E638-8A81-A0BD58BC2853}.Debug|Any CPU.ActiveCfg = Debug|Any CPU
		{AFEBC0AD-5255-E638-8A81-A0BD58BC2853}.Debug|Any CPU.Build.0 = Debug|Any CPU
		{AFEBC0AD-5255-E638-8A81-A0BD58BC2853}.Release|Any CPU.ActiveCfg = Release|Any CPU
		{AFEBC0AD-5255-E638-8A81-A0BD58BC2853}.Release|Any CPU.Build.0 = Release|Any CPU
	EndGlobalSection
	GlobalSection(SolutionProperties) = preSolution
		HideSolutionNode = FALSE
	EndGlobalSection
	GlobalSection(ExtensibilityGlobals) = postSolution
		SolutionGuid = {85D1DCDC-8B68-4E50-B9F9-9300220D49DA}
	EndGlobalSection
EndGlobal
